# This file is automatically @generated by Cargo.
# It is not intended for manual editing.
version = 3

[[package]]
name = "vm_buffers"
version = "0.1.0"
source = "git+https://github.com/tech-paws/vm_buffers.git#943741dbf9b7287f0f48c50be62679e653930979"
dependencies = [
 "vm_memory",
]

[[package]]
name = "vm_math"
version = "0.1.0"
dependencies = [
 "vm_buffers",
]

[[package]]
name = "vm_memory"
version = "0.1.0"
source = "git+https://github.com/tech-paws/vm_memory.git#ff04d36f6344e055240e7d3b6ff01a8e287e4f2c"
